// !$*UTF8*$!
{
	archiveVersion = 1;
	classes = {
	};
	objectVersion = 56;
	objects = {

/* Begin PBXBuildFile section */
		E012D1DB29E39F3100B38544 /* AppDelegate.swift in Sources */ = {isa = PBXBuildFile; fileRef = E012D1DA29E39F3100B38544 /* AppDelegate.swift */; };
		E012D1DD29E39F3100B38544 /* SceneDelegate.swift in Sources */ = {isa = PBXBuildFile; fileRef = E012D1DC29E39F3100B38544 /* SceneDelegate.swift */; };
		E012D1DF29E39F3100B38544 /* TermsViewController.swift in Sources */ = {isa = PBXBuildFile; fileRef = E012D1DE29E39F3100B38544 /* TermsViewController.swift */; };
		E012D1E429E39F3300B38544 /* Assets.xcassets in Resources */ = {isa = PBXBuildFile; fileRef = E012D1E329E39F3300B38544 /* Assets.xcassets */; };
		E012D1E729E39F3300B38544 /* LaunchScreen.storyboard in Resources */ = {isa = PBXBuildFile; fileRef = E012D1E529E39F3300B38544 /* LaunchScreen.storyboard */; };
		E012D1F229E39F3300B38544 /* TermsViewControllerTests.swift in Sources */ = {isa = PBXBuildFile; fileRef = E012D1F129E39F3300B38544 /* TermsViewControllerTests.swift */; };
		E012D20F29EE063000B38544 /* Extension+UiView.swift in Sources */ = {isa = PBXBuildFile; fileRef = E012D20E29EE063000B38544 /* Extension+UiView.swift */; };
		E012D21129EE20A100B38544 /* LoginViewController.swift in Sources */ = {isa = PBXBuildFile; fileRef = E012D21029EE20A100B38544 /* LoginViewController.swift */; };
		E06C6E2D2A12D2AE00F3A9E6 /* RegisterViewController.swift in Sources */ = {isa = PBXBuildFile; fileRef = E06C6E2C2A12D2AE00F3A9E6 /* RegisterViewController.swift */; };
		E06C6E302A13CCDD00F3A9E6 /* GoogleService-Info-2.plist in Resources */ = {isa = PBXBuildFile; fileRef = E06C6E2F2A13CCDD00F3A9E6 /* GoogleService-Info-2.plist */; };
		E06C6E332A13D2F300F3A9E6 /* FirebaseAnalytics in Frameworks */ = {isa = PBXBuildFile; productRef = E06C6E322A13D2F300F3A9E6 /* FirebaseAnalytics */; };
		E06C6E352A13D2F300F3A9E6 /* FirebaseAnalyticsOnDeviceConversion in Frameworks */ = {isa = PBXBuildFile; productRef = E06C6E342A13D2F300F3A9E6 /* FirebaseAnalyticsOnDeviceConversion */; };
		E06C6E372A13D2F300F3A9E6 /* FirebaseAnalyticsSwift in Frameworks */ = {isa = PBXBuildFile; productRef = E06C6E362A13D2F300F3A9E6 /* FirebaseAnalyticsSwift */; };
		E06C6E392A13D2F300F3A9E6 /* FirebaseAnalyticsWithoutAdIdSupport in Frameworks */ = {isa = PBXBuildFile; productRef = E06C6E382A13D2F300F3A9E6 /* FirebaseAnalyticsWithoutAdIdSupport */; };
		E06C6E3B2A13D2F300F3A9E6 /* FirebaseAppCheck in Frameworks */ = {isa = PBXBuildFile; productRef = E06C6E3A2A13D2F300F3A9E6 /* FirebaseAppCheck */; };
		E06C6E3D2A13D2F300F3A9E6 /* FirebaseAppDistribution-Beta in Frameworks */ = {isa = PBXBuildFile; productRef = E06C6E3C2A13D2F300F3A9E6 /* FirebaseAppDistribution-Beta */; };
		E06C6E3F2A13D2F300F3A9E6 /* FirebaseAuth in Frameworks */ = {isa = PBXBuildFile; productRef = E06C6E3E2A13D2F300F3A9E6 /* FirebaseAuth */; };
		E06C6E412A13D2F300F3A9E6 /* FirebaseAuthCombine-Community in Frameworks */ = {isa = PBXBuildFile; productRef = E06C6E402A13D2F300F3A9E6 /* FirebaseAuthCombine-Community */; };
		E06C6E432A13D2F300F3A9E6 /* FirebaseCrashlytics in Frameworks */ = {isa = PBXBuildFile; productRef = E06C6E422A13D2F300F3A9E6 /* FirebaseCrashlytics */; };
		E06C6E452A13D2F300F3A9E6 /* FirebaseDatabase in Frameworks */ = {isa = PBXBuildFile; productRef = E06C6E442A13D2F300F3A9E6 /* FirebaseDatabase */; };
		E06C6E472A13D2F300F3A9E6 /* FirebaseDatabaseSwift in Frameworks */ = {isa = PBXBuildFile; productRef = E06C6E462A13D2F300F3A9E6 /* FirebaseDatabaseSwift */; };
		E06C6E492A13D2F300F3A9E6 /* FirebaseDynamicLinks in Frameworks */ = {isa = PBXBuildFile; productRef = E06C6E482A13D2F300F3A9E6 /* FirebaseDynamicLinks */; };
		E06C6E4B2A13D2F300F3A9E6 /* FirebaseFirestore in Frameworks */ = {isa = PBXBuildFile; productRef = E06C6E4A2A13D2F300F3A9E6 /* FirebaseFirestore */; };
		E06C6E4D2A13D2F300F3A9E6 /* FirebaseFirestoreCombine-Community in Frameworks */ = {isa = PBXBuildFile; productRef = E06C6E4C2A13D2F300F3A9E6 /* FirebaseFirestoreCombine-Community */; };
		E06C6E4F2A13D2F300F3A9E6 /* FirebaseFirestoreSwift in Frameworks */ = {isa = PBXBuildFile; productRef = E06C6E4E2A13D2F300F3A9E6 /* FirebaseFirestoreSwift */; };
		E06C6E512A13D2F300F3A9E6 /* FirebaseFunctions in Frameworks */ = {isa = PBXBuildFile; productRef = E06C6E502A13D2F300F3A9E6 /* FirebaseFunctions */; };
		E06C6E532A13D2F300F3A9E6 /* FirebaseFunctionsCombine-Community in Frameworks */ = {isa = PBXBuildFile; productRef = E06C6E522A13D2F300F3A9E6 /* FirebaseFunctionsCombine-Community */; };
		E06C6E552A13D2F300F3A9E6 /* FirebaseInAppMessaging-Beta in Frameworks */ = {isa = PBXBuildFile; productRef = E06C6E542A13D2F300F3A9E6 /* FirebaseInAppMessaging-Beta */; };
		E06C6E572A13D2F300F3A9E6 /* FirebaseInAppMessagingSwift-Beta in Frameworks */ = {isa = PBXBuildFile; productRef = E06C6E562A13D2F300F3A9E6 /* FirebaseInAppMessagingSwift-Beta */; };
		E06C6E592A13D2F300F3A9E6 /* FirebaseInstallations in Frameworks */ = {isa = PBXBuildFile; productRef = E06C6E582A13D2F300F3A9E6 /* FirebaseInstallations */; };
		E06C6E5B2A13D2F300F3A9E6 /* FirebaseMLModelDownloader in Frameworks */ = {isa = PBXBuildFile; productRef = E06C6E5A2A13D2F300F3A9E6 /* FirebaseMLModelDownloader */; };
		E06C6E5D2A13D2F300F3A9E6 /* FirebaseMessaging in Frameworks */ = {isa = PBXBuildFile; productRef = E06C6E5C2A13D2F300F3A9E6 /* FirebaseMessaging */; };
		E06C6E5F2A13D2F300F3A9E6 /* FirebasePerformance in Frameworks */ = {isa = PBXBuildFile; productRef = E06C6E5E2A13D2F300F3A9E6 /* FirebasePerformance */; };
		E06C6E612A13D2F300F3A9E6 /* FirebaseRemoteConfig in Frameworks */ = {isa = PBXBuildFile; productRef = E06C6E602A13D2F300F3A9E6 /* FirebaseRemoteConfig */; };
		E06C6E632A13D2F300F3A9E6 /* FirebaseRemoteConfigSwift in Frameworks */ = {isa = PBXBuildFile; productRef = E06C6E622A13D2F300F3A9E6 /* FirebaseRemoteConfigSwift */; };
		E06C6E652A13D2F300F3A9E6 /* FirebaseStorage in Frameworks */ = {isa = PBXBuildFile; productRef = E06C6E642A13D2F300F3A9E6 /* FirebaseStorage */; };
		E06C6E672A13D2F300F3A9E6 /* FirebaseStorageCombine-Community in Frameworks */ = {isa = PBXBuildFile; productRef = E06C6E662A13D2F300F3A9E6 /* FirebaseStorageCombine-Community */; };
/* End PBXBuildFile section */

/* Begin PBXContainerItemProxy section */
		E012D1EE29E39F3300B38544 /* PBXContainerItemProxy */ = {
			isa = PBXContainerItemProxy;
			containerPortal = E012D1CF29E39F3100B38544 /* Project object */;
			proxyType = 1;
			remoteGlobalIDString = E012D1D629E39F3100B38544;
			remoteInfo = Momondo;
		};
/* End PBXContainerItemProxy section */

/* Begin PBXFileReference section */
		E012D1D729E39F3100B38544 /* Momondo.app */ = {isa = PBXFileReference; explicitFileType = wrapper.application; includeInIndex = 0; path = Momondo.app; sourceTree = BUILT_PRODUCTS_DIR; };
		E012D1DA29E39F3100B38544 /* AppDelegate.swift */ = {isa = PBXFileReference; lastKnownFileType = sourcecode.swift; path = AppDelegate.swift; sourceTree = "<group>"; };
		E012D1DC29E39F3100B38544 /* SceneDelegate.swift */ = {isa = PBXFileReference; lastKnownFileType = sourcecode.swift; path = SceneDelegate.swift; sourceTree = "<group>"; };
		E012D1DE29E39F3100B38544 /* TermsViewController.swift */ = {isa = PBXFileReference; lastKnownFileType = sourcecode.swift; path = TermsViewController.swift; sourceTree = "<group>"; };
		E012D1E329E39F3300B38544 /* Assets.xcassets */ = {isa = PBXFileReference; lastKnownFileType = folder.assetcatalog; path = Assets.xcassets; sourceTree = "<group>"; };
		E012D1E629E39F3300B38544 /* Base */ = {isa = PBXFileReference; lastKnownFileType = file.storyboard; name = Base; path = Base.lproj/LaunchScreen.storyboard; sourceTree = "<group>"; };
		E012D1E829E39F3300B38544 /* Info.plist */ = {isa = PBXFileReference; lastKnownFileType = text.plist.xml; path = Info.plist; sourceTree = "<group>"; };
		E012D1ED29E39F3300B38544 /* MomondoTests.xctest */ = {isa = PBXFileReference; explicitFileType = wrapper.cfbundle; includeInIndex = 0; path = MomondoTests.xctest; sourceTree = BUILT_PRODUCTS_DIR; };
		E012D1F129E39F3300B38544 /* TermsViewControllerTests.swift */ = {isa = PBXFileReference; lastKnownFileType = sourcecode.swift; path = TermsViewControllerTests.swift; sourceTree = "<group>"; };
		E012D20E29EE063000B38544 /* Extension+UiView.swift */ = {isa = PBXFileReference; lastKnownFileType = sourcecode.swift; path = "Extension+UiView.swift"; sourceTree = "<group>"; };
		E012D21029EE20A100B38544 /* LoginViewController.swift */ = {isa = PBXFileReference; lastKnownFileType = sourcecode.swift; path = LoginViewController.swift; sourceTree = "<group>"; };
		E06C6E2C2A12D2AE00F3A9E6 /* RegisterViewController.swift */ = {isa = PBXFileReference; lastKnownFileType = sourcecode.swift; path = RegisterViewController.swift; sourceTree = "<group>"; };
		E06C6E2F2A13CCDD00F3A9E6 /* GoogleService-Info-2.plist */ = {isa = PBXFileReference; fileEncoding = 4; lastKnownFileType = text.plist.xml; path = "GoogleService-Info-2.plist"; sourceTree = "<group>"; };
/* End PBXFileReference section */

/* Begin PBXFrameworksBuildPhase section */
		E012D1D429E39F3100B38544 /* Frameworks */ = {
			isa = PBXFrameworksBuildPhase;
			buildActionMask = 2147483647;
			files = (
				E06C6E452A13D2F300F3A9E6 /* FirebaseDatabase in Frameworks */,
				E06C6E532A13D2F300F3A9E6 /* FirebaseFunctionsCombine-Community in Frameworks */,
				E06C6E4B2A13D2F300F3A9E6 /* FirebaseFirestore in Frameworks */,
				E06C6E372A13D2F300F3A9E6 /* FirebaseAnalyticsSwift in Frameworks */,
				E06C6E332A13D2F300F3A9E6 /* FirebaseAnalytics in Frameworks */,
				E06C6E352A13D2F300F3A9E6 /* FirebaseAnalyticsOnDeviceConversion in Frameworks */,
				E06C6E5B2A13D2F300F3A9E6 /* FirebaseMLModelDownloader in Frameworks */,
				E06C6E4F2A13D2F300F3A9E6 /* FirebaseFirestoreSwift in Frameworks */,
				E06C6E3B2A13D2F300F3A9E6 /* FirebaseAppCheck in Frameworks */,
				E06C6E392A13D2F300F3A9E6 /* FirebaseAnalyticsWithoutAdIdSupport in Frameworks */,
				E06C6E3F2A13D2F300F3A9E6 /* FirebaseAuth in Frameworks */,
				E06C6E432A13D2F300F3A9E6 /* FirebaseCrashlytics in Frameworks */,
				E06C6E632A13D2F300F3A9E6 /* FirebaseRemoteConfigSwift in Frameworks */,
				E06C6E552A13D2F300F3A9E6 /* FirebaseInAppMessaging-Beta in Frameworks */,
				E06C6E472A13D2F300F3A9E6 /* FirebaseDatabaseSwift in Frameworks */,
				E06C6E512A13D2F300F3A9E6 /* FirebaseFunctions in Frameworks */,
				E06C6E672A13D2F300F3A9E6 /* FirebaseStorageCombine-Community in Frameworks */,
				E06C6E612A13D2F300F3A9E6 /* FirebaseRemoteConfig in Frameworks */,
				E06C6E3D2A13D2F300F3A9E6 /* FirebaseAppDistribution-Beta in Frameworks */,
				E06C6E412A13D2F300F3A9E6 /* FirebaseAuthCombine-Community in Frameworks */,
				E06C6E5F2A13D2F300F3A9E6 /* FirebasePerformance in Frameworks */,
				E06C6E572A13D2F300F3A9E6 /* FirebaseInAppMessagingSwift-Beta in Frameworks */,
				E06C6E652A13D2F300F3A9E6 /* FirebaseStorage in Frameworks */,
				E06C6E492A13D2F300F3A9E6 /* FirebaseDynamicLinks in Frameworks */,
				E06C6E4D2A13D2F300F3A9E6 /* FirebaseFirestoreCombine-Community in Frameworks */,
				E06C6E5D2A13D2F300F3A9E6 /* FirebaseMessaging in Frameworks */,
				E06C6E592A13D2F300F3A9E6 /* FirebaseInstallations in Frameworks */,
			);
			runOnlyForDeploymentPostprocessing = 0;
		};
		E012D1EA29E39F3300B38544 /* Frameworks */ = {
			isa = PBXFrameworksBuildPhase;
			buildActionMask = 2147483647;
			files = (
			);
			runOnlyForDeploymentPostprocessing = 0;
		};
/* End PBXFrameworksBuildPhase section */

/* Begin PBXGroup section */
		E012D1CE29E39F3100B38544 = {
			isa = PBXGroup;
			children = (
				E012D1D929E39F3100B38544 /* Momondo */,
				E012D1F029E39F3300B38544 /* MomondoTests */,
				E012D1D829E39F3100B38544 /* Products */,
			);
			sourceTree = "<group>";
		};
		E012D1D829E39F3100B38544 /* Products */ = {
			isa = PBXGroup;
			children = (
				E012D1D729E39F3100B38544 /* Momondo.app */,
				E012D1ED29E39F3300B38544 /* MomondoTests.xctest */,
			);
			name = Products;
			sourceTree = "<group>";
		};
		E012D1D929E39F3100B38544 /* Momondo */ = {
			isa = PBXGroup;
			children = (
				E012D1DE29E39F3100B38544 /* TermsViewController.swift */,
				E012D21029EE20A100B38544 /* LoginViewController.swift */,
				E06C6E2C2A12D2AE00F3A9E6 /* RegisterViewController.swift */,
				E06C6E2F2A13CCDD00F3A9E6 /* GoogleService-Info-2.plist */,
				E012D1E829E39F3300B38544 /* Info.plist */,
				E06C6E2E2A13C9E800F3A9E6 /* Commons */,
				E012D20D29EE060800B38544 /* Helpers */,
				E012D20B29E39FA900B38544 /* Assets */,
				E012D20A29E39F7C00B38544 /* Aplication */,
			);
			path = Momondo;
			sourceTree = "<group>";
		};
		E012D1F029E39F3300B38544 /* MomondoTests */ = {
			isa = PBXGroup;
			children = (
				E012D1F129E39F3300B38544 /* TermsViewControllerTests.swift */,
			);
			path = MomondoTests;
			sourceTree = "<group>";
		};
		E012D20A29E39F7C00B38544 /* Aplication */ = {
			isa = PBXGroup;
			children = (
				E012D1DA29E39F3100B38544 /* AppDelegate.swift */,
				E012D1DC29E39F3100B38544 /* SceneDelegate.swift */,
				E012D1E529E39F3300B38544 /* LaunchScreen.storyboard */,
			);
			path = Aplication;
			sourceTree = "<group>";
		};
		E012D20B29E39FA900B38544 /* Assets */ = {
			isa = PBXGroup;
			children = (
				E012D1E329E39F3300B38544 /* Assets.xcassets */,
			);
			path = Assets;
			sourceTree = "<group>";
		};
		E012D20D29EE060800B38544 /* Helpers */ = {
			isa = PBXGroup;
			children = (
				E012D20E29EE063000B38544 /* Extension+UiView.swift */,
			);
			path = Helpers;
			sourceTree = "<group>";
		};
		E06C6E2E2A13C9E800F3A9E6 /* Commons */ = {
			isa = PBXGroup;
			children = (
			);
			path = Commons;
			sourceTree = "<group>";
		};
/* End PBXGroup section */

/* Begin PBXNativeTarget section */
		E012D1D629E39F3100B38544 /* Momondo */ = {
			isa = PBXNativeTarget;
			buildConfigurationList = E012D20129E39F3300B38544 /* Build configuration list for PBXNativeTarget "Momondo" */;
			buildPhases = (
				E012D1D329E39F3100B38544 /* Sources */,
				E012D1D429E39F3100B38544 /* Frameworks */,
				E012D1D529E39F3100B38544 /* Resources */,
				E012D20C29E8E5E500B38544 /* ShellScript */,
			);
			buildRules = (
			);
			dependencies = (
			);
			name = Momondo;
			packageProductDependencies = (
				E06C6E322A13D2F300F3A9E6 /* FirebaseAnalytics */,
				E06C6E342A13D2F300F3A9E6 /* FirebaseAnalyticsOnDeviceConversion */,
				E06C6E362A13D2F300F3A9E6 /* FirebaseAnalyticsSwift */,
				E06C6E382A13D2F300F3A9E6 /* FirebaseAnalyticsWithoutAdIdSupport */,
				E06C6E3A2A13D2F300F3A9E6 /* FirebaseAppCheck */,
				E06C6E3C2A13D2F300F3A9E6 /* FirebaseAppDistribution-Beta */,
				E06C6E3E2A13D2F300F3A9E6 /* FirebaseAuth */,
				E06C6E402A13D2F300F3A9E6 /* FirebaseAuthCombine-Community */,
				E06C6E422A13D2F300F3A9E6 /* FirebaseCrashlytics */,
				E06C6E442A13D2F300F3A9E6 /* FirebaseDatabase */,
				E06C6E462A13D2F300F3A9E6 /* FirebaseDatabaseSwift */,
				E06C6E482A13D2F300F3A9E6 /* FirebaseDynamicLinks */,
				E06C6E4A2A13D2F300F3A9E6 /* FirebaseFirestore */,
				E06C6E4C2A13D2F300F3A9E6 /* FirebaseFirestoreCombine-Community */,
				E06C6E4E2A13D2F300F3A9E6 /* FirebaseFirestoreSwift */,
				E06C6E502A13D2F300F3A9E6 /* FirebaseFunctions */,
				E06C6E522A13D2F300F3A9E6 /* FirebaseFunctionsCombine-Community */,
				E06C6E542A13D2F300F3A9E6 /* FirebaseInAppMessaging-Beta */,
				E06C6E562A13D2F300F3A9E6 /* FirebaseInAppMessagingSwift-Beta */,
				E06C6E582A13D2F300F3A9E6 /* FirebaseInstallations */,
				E06C6E5A2A13D2F300F3A9E6 /* FirebaseMLModelDownloader */,
				E06C6E5C2A13D2F300F3A9E6 /* FirebaseMessaging */,
				E06C6E5E2A13D2F300F3A9E6 /* FirebasePerformance */,
				E06C6E602A13D2F300F3A9E6 /* FirebaseRemoteConfig */,
				E06C6E622A13D2F300F3A9E6 /* FirebaseRemoteConfigSwift */,
				E06C6E642A13D2F300F3A9E6 /* FirebaseStorage */,
				E06C6E662A13D2F300F3A9E6 /* FirebaseStorageCombine-Community */,
			);
			productName = Momondo;
			productReference = E012D1D729E39F3100B38544 /* Momondo.app */;
			productType = "com.apple.product-type.application";
		};
		E012D1EC29E39F3300B38544 /* MomondoTests */ = {
			isa = PBXNativeTarget;
			buildConfigurationList = E012D20429E39F3300B38544 /* Build configuration list for PBXNativeTarget "MomondoTests" */;
			buildPhases = (
				E012D1E929E39F3300B38544 /* Sources */,
				E012D1EA29E39F3300B38544 /* Frameworks */,
				E012D1EB29E39F3300B38544 /* Resources */,
			);
			buildRules = (
			);
			dependencies = (
				E012D1EF29E39F3300B38544 /* PBXTargetDependency */,
			);
			name = MomondoTests;
			productName = MomondoTests;
			productReference = E012D1ED29E39F3300B38544 /* MomondoTests.xctest */;
			productType = "com.apple.product-type.bundle.unit-test";
		};
/* End PBXNativeTarget section */

/* Begin PBXProject section */
		E012D1CF29E39F3100B38544 /* Project object */ = {
			isa = PBXProject;
			attributes = {
				BuildIndependentTargetsInParallel = 1;
				LastSwiftUpdateCheck = 1420;
				LastUpgradeCheck = 1420;
				TargetAttributes = {
					E012D1D629E39F3100B38544 = {
						CreatedOnToolsVersion = 14.2;
					};
					E012D1EC29E39F3300B38544 = {
						CreatedOnToolsVersion = 14.2;
						TestTargetID = E012D1D629E39F3100B38544;
					};
				};
			};
			buildConfigurationList = E012D1D229E39F3100B38544 /* Build configuration list for PBXProject "Momondo" */;
			compatibilityVersion = "Xcode 14.0";
			developmentRegion = en;
			hasScannedForEncodings = 0;
			knownRegions = (
				en,
				Base,
			);
			mainGroup = E012D1CE29E39F3100B38544;
			packageReferences = (
				E06C6E312A13D2F300F3A9E6 /* XCRemoteSwiftPackageReference "firebase-ios-sdk" */,
			);
			productRefGroup = E012D1D829E39F3100B38544 /* Products */;
			projectDirPath = "";
			projectRoot = "";
			targets = (
				E012D1D629E39F3100B38544 /* Momondo */,
				E012D1EC29E39F3300B38544 /* MomondoTests */,
			);
		};
/* End PBXProject section */

/* Begin PBXResourcesBuildPhase section */
		E012D1D529E39F3100B38544 /* Resources */ = {
			isa = PBXResourcesBuildPhase;
			buildActionMask = 2147483647;
			files = (
				E012D1E729E39F3300B38544 /* LaunchScreen.storyboard in Resources */,
				E012D1E429E39F3300B38544 /* Assets.xcassets in Resources */,
				E06C6E302A13CCDD00F3A9E6 /* GoogleService-Info-2.plist in Resources */,
			);
			runOnlyForDeploymentPostprocessing = 0;
		};
		E012D1EB29E39F3300B38544 /* Resources */ = {
			isa = PBXResourcesBuildPhase;
			buildActionMask = 2147483647;
			files = (
			);
			runOnlyForDeploymentPostprocessing = 0;
		};
/* End PBXResourcesBuildPhase section */

/* Begin PBXShellScriptBuildPhase section */
		E012D20C29E8E5E500B38544 /* ShellScript */ = {
			isa = PBXShellScriptBuildPhase;
			alwaysOutOfDate = 1;
			buildActionMask = 2147483647;
			files = (
			);
			inputFileListPaths = (
			);
			inputPaths = (
			);
			outputFileListPaths = (
			);
			outputPaths = (
			);
			runOnlyForDeploymentPostprocessing = 0;
			shellPath = /bin/sh;
			shellScript = "if test -d \"/opt/homebrew/bin/\"; then\n  PATH=\"/opt/homebrew/bin/:${PATH}\"\nfi\n\nexport PATH\n\nif which swiftlint >/dev/null; then\n  swiftlint --fix && swiftlint\nelse\n  echo \"warning: SwiftLint not installed, download from https://github.com/realm/SwiftLint\"\nfi\n";
		};
/* End PBXShellScriptBuildPhase section */

/* Begin PBXSourcesBuildPhase section */
		E012D1D329E39F3100B38544 /* Sources */ = {
			isa = PBXSourcesBuildPhase;
			buildActionMask = 2147483647;
			files = (
				E012D1DF29E39F3100B38544 /* TermsViewController.swift in Sources */,
				E012D1DB29E39F3100B38544 /* AppDelegate.swift in Sources */,
				E012D20F29EE063000B38544 /* Extension+UiView.swift in Sources */,
				E06C6E2D2A12D2AE00F3A9E6 /* RegisterViewController.swift in Sources */,
				E012D21129EE20A100B38544 /* LoginViewController.swift in Sources */,
				E012D1DD29E39F3100B38544 /* SceneDelegate.swift in Sources */,
			);
			runOnlyForDeploymentPostprocessing = 0;
		};
		E012D1E929E39F3300B38544 /* Sources */ = {
			isa = PBXSourcesBuildPhase;
			buildActionMask = 2147483647;
			files = (
				E012D1F229E39F3300B38544 /* TermsViewControllerTests.swift in Sources */,
			);
			runOnlyForDeploymentPostprocessing = 0;
		};
/* End PBXSourcesBuildPhase section */

/* Begin PBXTargetDependency section */
		E012D1EF29E39F3300B38544 /* PBXTargetDependency */ = {
			isa = PBXTargetDependency;
			target = E012D1D629E39F3100B38544 /* Momondo */;
			targetProxy = E012D1EE29E39F3300B38544 /* PBXContainerItemProxy */;
		};
/* End PBXTargetDependency section */

/* Begin PBXVariantGroup section */
		E012D1E529E39F3300B38544 /* LaunchScreen.storyboard */ = {
			isa = PBXVariantGroup;
			children = (
				E012D1E629E39F3300B38544 /* Base */,
			);
			name = LaunchScreen.storyboard;
			sourceTree = "<group>";
		};
/* End PBXVariantGroup section */

/* Begin XCBuildConfiguration section */
		E012D1FF29E39F3300B38544 /* Debug */ = {
			isa = XCBuildConfiguration;
			buildSettings = {
				ALWAYS_SEARCH_USER_PATHS = NO;
				CLANG_ANALYZER_NONNULL = YES;
				CLANG_ANALYZER_NUMBER_OBJECT_CONVERSION = YES_AGGRESSIVE;
				CLANG_CXX_LANGUAGE_STANDARD = "gnu++20";
				CLANG_ENABLE_MODULES = YES;
				CLANG_ENABLE_OBJC_ARC = YES;
				CLANG_ENABLE_OBJC_WEAK = YES;
				CLANG_WARN_BLOCK_CAPTURE_AUTORELEASING = YES;
				CLANG_WARN_BOOL_CONVERSION = YES;
				CLANG_WARN_COMMA = YES;
				CLANG_WARN_CONSTANT_CONVERSION = YES;
				CLANG_WARN_DEPRECATED_OBJC_IMPLEMENTATIONS = YES;
				CLANG_WARN_DIRECT_OBJC_ISA_USAGE = YES_ERROR;
				CLANG_WARN_DOCUMENTATION_COMMENTS = YES;
				CLANG_WARN_EMPTY_BODY = YES;
				CLANG_WARN_ENUM_CONVERSION = YES;
				CLANG_WARN_INFINITE_RECURSION = YES;
				CLANG_WARN_INT_CONVERSION = YES;
				CLANG_WARN_NON_LITERAL_NULL_CONVERSION = YES;
				CLANG_WARN_OBJC_IMPLICIT_RETAIN_SELF = YES;
				CLANG_WARN_OBJC_LITERAL_CONVERSION = YES;
				CLANG_WARN_OBJC_ROOT_CLASS = YES_ERROR;
				CLANG_WARN_QUOTED_INCLUDE_IN_FRAMEWORK_HEADER = YES;
				CLANG_WARN_RANGE_LOOP_ANALYSIS = YES;
				CLANG_WARN_STRICT_PROTOTYPES = YES;
				CLANG_WARN_SUSPICIOUS_MOVE = YES;
				CLANG_WARN_UNGUARDED_AVAILABILITY = YES_AGGRESSIVE;
				CLANG_WARN_UNREACHABLE_CODE = YES;
				CLANG_WARN__DUPLICATE_METHOD_MATCH = YES;
				COPY_PHASE_STRIP = NO;
				DEBUG_INFORMATION_FORMAT = dwarf;
				ENABLE_STRICT_OBJC_MSGSEND = YES;
				ENABLE_TESTABILITY = YES;
				GCC_C_LANGUAGE_STANDARD = gnu11;
				GCC_DYNAMIC_NO_PIC = NO;
				GCC_NO_COMMON_BLOCKS = YES;
				GCC_OPTIMIZATION_LEVEL = 0;
				GCC_PREPROCESSOR_DEFINITIONS = (
					"DEBUG=1",
					"$(inherited)",
				);
				GCC_WARN_64_TO_32_BIT_CONVERSION = YES;
				GCC_WARN_ABOUT_RETURN_TYPE = YES_ERROR;
				GCC_WARN_UNDECLARED_SELECTOR = YES;
				GCC_WARN_UNINITIALIZED_AUTOS = YES_AGGRESSIVE;
				GCC_WARN_UNUSED_FUNCTION = YES;
				GCC_WARN_UNUSED_VARIABLE = YES;
				IPHONEOS_DEPLOYMENT_TARGET = 16.2;
				MTL_ENABLE_DEBUG_INFO = INCLUDE_SOURCE;
				MTL_FAST_MATH = YES;
				ONLY_ACTIVE_ARCH = YES;
				SDKROOT = iphoneos;
				SWIFT_ACTIVE_COMPILATION_CONDITIONS = DEBUG;
				SWIFT_OPTIMIZATION_LEVEL = "-Onone";
			};
			name = Debug;
		};
		E012D20029E39F3300B38544 /* Release */ = {
			isa = XCBuildConfiguration;
			buildSettings = {
				ALWAYS_SEARCH_USER_PATHS = NO;
				CLANG_ANALYZER_NONNULL = YES;
				CLANG_ANALYZER_NUMBER_OBJECT_CONVERSION = YES_AGGRESSIVE;
				CLANG_CXX_LANGUAGE_STANDARD = "gnu++20";
				CLANG_ENABLE_MODULES = YES;
				CLANG_ENABLE_OBJC_ARC = YES;
				CLANG_ENABLE_OBJC_WEAK = YES;
				CLANG_WARN_BLOCK_CAPTURE_AUTORELEASING = YES;
				CLANG_WARN_BOOL_CONVERSION = YES;
				CLANG_WARN_COMMA = YES;
				CLANG_WARN_CONSTANT_CONVERSION = YES;
				CLANG_WARN_DEPRECATED_OBJC_IMPLEMENTATIONS = YES;
				CLANG_WARN_DIRECT_OBJC_ISA_USAGE = YES_ERROR;
				CLANG_WARN_DOCUMENTATION_COMMENTS = YES;
				CLANG_WARN_EMPTY_BODY = YES;
				CLANG_WARN_ENUM_CONVERSION = YES;
				CLANG_WARN_INFINITE_RECURSION = YES;
				CLANG_WARN_INT_CONVERSION = YES;
				CLANG_WARN_NON_LITERAL_NULL_CONVERSION = YES;
				CLANG_WARN_OBJC_IMPLICIT_RETAIN_SELF = YES;
				CLANG_WARN_OBJC_LITERAL_CONVERSION = YES;
				CLANG_WARN_OBJC_ROOT_CLASS = YES_ERROR;
				CLANG_WARN_QUOTED_INCLUDE_IN_FRAMEWORK_HEADER = YES;
				CLANG_WARN_RANGE_LOOP_ANALYSIS = YES;
				CLANG_WARN_STRICT_PROTOTYPES = YES;
				CLANG_WARN_SUSPICIOUS_MOVE = YES;
				CLANG_WARN_UNGUARDED_AVAILABILITY = YES_AGGRESSIVE;
				CLANG_WARN_UNREACHABLE_CODE = YES;
				CLANG_WARN__DUPLICATE_METHOD_MATCH = YES;
				COPY_PHASE_STRIP = NO;
				DEBUG_INFORMATION_FORMAT = "dwarf-with-dsym";
				ENABLE_NS_ASSERTIONS = NO;
				ENABLE_STRICT_OBJC_MSGSEND = YES;
				GCC_C_LANGUAGE_STANDARD = gnu11;
				GCC_NO_COMMON_BLOCKS = YES;
				GCC_WARN_64_TO_32_BIT_CONVERSION = YES;
				GCC_WARN_ABOUT_RETURN_TYPE = YES_ERROR;
				GCC_WARN_UNDECLARED_SELECTOR = YES;
				GCC_WARN_UNINITIALIZED_AUTOS = YES_AGGRESSIVE;
				GCC_WARN_UNUSED_FUNCTION = YES;
				GCC_WARN_UNUSED_VARIABLE = YES;
				IPHONEOS_DEPLOYMENT_TARGET = 16.2;
				MTL_ENABLE_DEBUG_INFO = NO;
				MTL_FAST_MATH = YES;
				SDKROOT = iphoneos;
				SWIFT_COMPILATION_MODE = wholemodule;
				SWIFT_OPTIMIZATION_LEVEL = "-O";
				VALIDATE_PRODUCT = YES;
			};
			name = Release;
		};
		E012D20229E39F3300B38544 /* Debug */ = {
			isa = XCBuildConfiguration;
			buildSettings = {
				ASSETCATALOG_COMPILER_APPICON_NAME = AppIcon;
				ASSETCATALOG_COMPILER_GLOBAL_ACCENT_COLOR_NAME = AccentColor;
				CODE_SIGN_STYLE = Automatic;
				CURRENT_PROJECT_VERSION = 1;
				DEVELOPMENT_TEAM = WXQ8GLHA2M;
				GENERATE_INFOPLIST_FILE = YES;
				INFOPLIST_FILE = Momondo/Info.plist;
				INFOPLIST_KEY_UIApplicationSupportsIndirectInputEvents = YES;
				INFOPLIST_KEY_UILaunchStoryboardName = LaunchScreen.storyboard;
				INFOPLIST_KEY_UISupportedInterfaceOrientations_iPad = "UIInterfaceOrientationPortrait UIInterfaceOrientationPortraitUpsideDown UIInterfaceOrientationLandscapeLeft UIInterfaceOrientationLandscapeRight";
				INFOPLIST_KEY_UISupportedInterfaceOrientations_iPhone = "UIInterfaceOrientationPortrait UIInterfaceOrientationLandscapeLeft UIInterfaceOrientationLandscapeRight";
				LD_RUNPATH_SEARCH_PATHS = (
					"$(inherited)",
					"@executable_path/Frameworks",
				);
				MARKETING_VERSION = 1.0;
				PRODUCT_BUNDLE_IDENTIFIER = br.com.spedaLeticia.Momondo;
				PRODUCT_NAME = "$(TARGET_NAME)";
				SWIFT_EMIT_LOC_STRINGS = YES;
				SWIFT_VERSION = 5.0;
				TARGETED_DEVICE_FAMILY = "1,2";
			};
			name = Debug;
		};
		E012D20329E39F3300B38544 /* Release */ = {
			isa = XCBuildConfiguration;
			buildSettings = {
				ASSETCATALOG_COMPILER_APPICON_NAME = AppIcon;
				ASSETCATALOG_COMPILER_GLOBAL_ACCENT_COLOR_NAME = AccentColor;
				CODE_SIGN_STYLE = Automatic;
				CURRENT_PROJECT_VERSION = 1;
				DEVELOPMENT_TEAM = WXQ8GLHA2M;
				GENERATE_INFOPLIST_FILE = YES;
				INFOPLIST_FILE = Momondo/Info.plist;
				INFOPLIST_KEY_UIApplicationSupportsIndirectInputEvents = YES;
				INFOPLIST_KEY_UILaunchStoryboardName = LaunchScreen.storyboard;
				INFOPLIST_KEY_UISupportedInterfaceOrientations_iPad = "UIInterfaceOrientationPortrait UIInterfaceOrientationPortraitUpsideDown UIInterfaceOrientationLandscapeLeft UIInterfaceOrientationLandscapeRight";
				INFOPLIST_KEY_UISupportedInterfaceOrientations_iPhone = "UIInterfaceOrientationPortrait UIInterfaceOrientationLandscapeLeft UIInterfaceOrientationLandscapeRight";
				LD_RUNPATH_SEARCH_PATHS = (
					"$(inherited)",
					"@executable_path/Frameworks",
				);
				MARKETING_VERSION = 1.0;
				PRODUCT_BUNDLE_IDENTIFIER = br.com.spedaLeticia.Momondo;
				PRODUCT_NAME = "$(TARGET_NAME)";
				SWIFT_EMIT_LOC_STRINGS = YES;
				SWIFT_VERSION = 5.0;
				TARGETED_DEVICE_FAMILY = "1,2";
			};
			name = Release;
		};
		E012D20529E39F3300B38544 /* Debug */ = {
			isa = XCBuildConfiguration;
			buildSettings = {
				ALWAYS_EMBED_SWIFT_STANDARD_LIBRARIES = YES;
				BUNDLE_LOADER = "$(TEST_HOST)";
				CODE_SIGN_STYLE = Automatic;
				CURRENT_PROJECT_VERSION = 1;
				DEVELOPMENT_TEAM = WXQ8GLHA2M;
				GENERATE_INFOPLIST_FILE = YES;
				IPHONEOS_DEPLOYMENT_TARGET = 16.2;
				MARKETING_VERSION = 1.0;
				PRODUCT_BUNDLE_IDENTIFIER = br.com.spedaLeticia.MomondoTests;
				PRODUCT_NAME = "$(TARGET_NAME)";
				SWIFT_EMIT_LOC_STRINGS = NO;
				SWIFT_VERSION = 5.0;
				TARGETED_DEVICE_FAMILY = "1,2";
				TEST_HOST = "$(BUILT_PRODUCTS_DIR)/Momondo.app/$(BUNDLE_EXECUTABLE_FOLDER_PATH)/Momondo";
			};
			name = Debug;
		};
		E012D20629E39F3300B38544 /* Release */ = {
			isa = XCBuildConfiguration;
			buildSettings = {
				ALWAYS_EMBED_SWIFT_STANDARD_LIBRARIES = YES;
				BUNDLE_LOADER = "$(TEST_HOST)";
				CODE_SIGN_STYLE = Automatic;
				CURRENT_PROJECT_VERSION = 1;
				DEVELOPMENT_TEAM = WXQ8GLHA2M;
				GENERATE_INFOPLIST_FILE = YES;
				IPHONEOS_DEPLOYMENT_TARGET = 16.2;
				MARKETING_VERSION = 1.0;
				PRODUCT_BUNDLE_IDENTIFIER = br.com.spedaLeticia.MomondoTests;
				PRODUCT_NAME = "$(TARGET_NAME)";
				SWIFT_EMIT_LOC_STRINGS = NO;
				SWIFT_VERSION = 5.0;
				TARGETED_DEVICE_FAMILY = "1,2";
				TEST_HOST = "$(BUILT_PRODUCTS_DIR)/Momondo.app/$(BUNDLE_EXECUTABLE_FOLDER_PATH)/Momondo";
			};
			name = Release;
		};
/* End XCBuildConfiguration section */

/* Begin XCConfigurationList section */
		E012D1D229E39F3100B38544 /* Build configuration list for PBXProject "Momondo" */ = {
			isa = XCConfigurationList;
			buildConfigurations = (
				E012D1FF29E39F3300B38544 /* Debug */,
				E012D20029E39F3300B38544 /* Release */,
			);
			defaultConfigurationIsVisible = 0;
			defaultConfigurationName = Release;
		};
		E012D20129E39F3300B38544 /* Build configuration list for PBXNativeTarget "Momondo" */ = {
			isa = XCConfigurationList;
			buildConfigurations = (
				E012D20229E39F3300B38544 /* Debug */,
				E012D20329E39F3300B38544 /* Release */,
			);
			defaultConfigurationIsVisible = 0;
			defaultConfigurationName = Release;
		};
		E012D20429E39F3300B38544 /* Build configuration list for PBXNativeTarget "MomondoTests" */ = {
			isa = XCConfigurationList;
			buildConfigurations = (
				E012D20529E39F3300B38544 /* Debug */,
				E012D20629E39F3300B38544 /* Release */,
			);
			defaultConfigurationIsVisible = 0;
			defaultConfigurationName = Release;
		};
/* End XCConfigurationList section */

/* Begin XCRemoteSwiftPackageReference section */
		E06C6E312A13D2F300F3A9E6 /* XCRemoteSwiftPackageReference "firebase-ios-sdk" */ = {
			isa = XCRemoteSwiftPackageReference;
			repositoryURL = "https://github.com/firebase/firebase-ios-sdk";
			requirement = {
				kind = upToNextMajorVersion;
				minimumVersion = 10.0.0;
			};
		};
/* End XCRemoteSwiftPackageReference section */

/* Begin XCSwiftPackageProductDependency section */
		E06C6E322A13D2F300F3A9E6 /* FirebaseAnalytics */ = {
			isa = XCSwiftPackageProductDependency;
			package = E06C6E312A13D2F300F3A9E6 /* XCRemoteSwiftPackageReference "firebase-ios-sdk" */;
			productName = FirebaseAnalytics;
		};
		E06C6E342A13D2F300F3A9E6 /* FirebaseAnalyticsOnDeviceConversion */ = {
			isa = XCSwiftPackageProductDependency;
			package = E06C6E312A13D2F300F3A9E6 /* XCRemoteSwiftPackageReference "firebase-ios-sdk" */;
			productName = FirebaseAnalyticsOnDeviceConversion;
		};
		E06C6E362A13D2F300F3A9E6 /* FirebaseAnalyticsSwift */ = {
			isa = XCSwiftPackageProductDependency;
			package = E06C6E312A13D2F300F3A9E6 /* XCRemoteSwiftPackageReference "firebase-ios-sdk" */;
			productName = FirebaseAnalyticsSwift;
		};
		E06C6E382A13D2F300F3A9E6 /* FirebaseAnalyticsWithoutAdIdSupport */ = {
			isa = XCSwiftPackageProductDependency;
			package = E06C6E312A13D2F300F3A9E6 /* XCRemoteSwiftPackageReference "firebase-ios-sdk" */;
			productName = FirebaseAnalyticsWithoutAdIdSupport;
		};
		E06C6E3A2A13D2F300F3A9E6 /* FirebaseAppCheck */ = {
			isa = XCSwiftPackageProductDependency;
			package = E06C6E312A13D2F300F3A9E6 /* XCRemoteSwiftPackageReference "firebase-ios-sdk" */;
			productName = FirebaseAppCheck;
		};
		E06C6E3C2A13D2F300F3A9E6 /* FirebaseAppDistribution-Beta */ = {
			isa = XCSwiftPackageProductDependency;
			package = E06C6E312A13D2F300F3A9E6 /* XCRemoteSwiftPackageReference "firebase-ios-sdk" */;
			productName = "FirebaseAppDistribution-Beta";
		};
		E06C6E3E2A13D2F300F3A9E6 /* FirebaseAuth */ = {
			isa = XCSwiftPackageProductDependency;
			package = E06C6E312A13D2F300F3A9E6 /* XCRemoteSwiftPackageReference "firebase-ios-sdk" */;
			productName = FirebaseAuth;
		};
		E06C6E402A13D2F300F3A9E6 /* FirebaseAuthCombine-Community */ = {
			isa = XCSwiftPackageProductDependency;
			package = E06C6E312A13D2F300F3A9E6 /* XCRemoteSwiftPackageReference "firebase-ios-sdk" */;
			productName = "FirebaseAuthCombine-Community";
		};
		E06C6E422A13D2F300F3A9E6 /* FirebaseCrashlytics */ = {
			isa = XCSwiftPackageProductDependency;
			package = E06C6E312A13D2F300F3A9E6 /* XCRemoteSwiftPackageReference "firebase-ios-sdk" */;
			productName = FirebaseCrashlytics;
		};
		E06C6E442A13D2F300F3A9E6 /* FirebaseDatabase */ = {
			isa = XCSwiftPackageProductDependency;
			package = E06C6E312A13D2F300F3A9E6 /* XCRemoteSwiftPackageReference "firebase-ios-sdk" */;
			productName = FirebaseDatabase;
		};
		E06C6E462A13D2F300F3A9E6 /* FirebaseDatabaseSwift */ = {
			isa = XCSwiftPackageProductDependency;
			package = E06C6E312A13D2F300F3A9E6 /* XCRemoteSwiftPackageReference "firebase-ios-sdk" */;
			productName = FirebaseDatabaseSwift;
		};
		E06C6E482A13D2F300F3A9E6 /* FirebaseDynamicLinks */ = {
			isa = XCSwiftPackageProductDependency;
			package = E06C6E312A13D2F300F3A9E6 /* XCRemoteSwiftPackageReference "firebase-ios-sdk" */;
			productName = FirebaseDynamicLinks;
		};
		E06C6E4A2A13D2F300F3A9E6 /* FirebaseFirestore */ = {
			isa = XCSwiftPackageProductDependency;
			package = E06C6E312A13D2F300F3A9E6 /* XCRemoteSwiftPackageReference "firebase-ios-sdk" */;
			productName = FirebaseFirestore;
		};
		E06C6E4C2A13D2F300F3A9E6 /* FirebaseFirestoreCombine-Community */ = {
			isa = XCSwiftPackageProductDependency;
			package = E06C6E312A13D2F300F3A9E6 /* XCRemoteSwiftPackageReference "firebase-ios-sdk" */;
			productName = "FirebaseFirestoreCombine-Community";
		};
		E06C6E4E2A13D2F300F3A9E6 /* FirebaseFirestoreSwift */ = {
			isa = XCSwiftPackageProductDependency;
			package = E06C6E312A13D2F300F3A9E6 /* XCRemoteSwiftPackageReference "firebase-ios-sdk" */;
			productName = FirebaseFirestoreSwift;
		};
		E06C6E502A13D2F300F3A9E6 /* FirebaseFunctions */ = {
			isa = XCSwiftPackageProductDependency;
			package = E06C6E312A13D2F300F3A9E6 /* XCRemoteSwiftPackageReference "firebase-ios-sdk" */;
			productName = FirebaseFunctions;
		};
		E06C6E522A13D2F300F3A9E6 /* FirebaseFunctionsCombine-Community */ = {
			isa = XCSwiftPackageProductDependency;
			package = E06C6E312A13D2F300F3A9E6 /* XCRemoteSwiftPackageReference "firebase-ios-sdk" */;
			productName = "FirebaseFunctionsCombine-Community";
		};
		E06C6E542A13D2F300F3A9E6 /* FirebaseInAppMessaging-Beta */ = {
			isa = XCSwiftPackageProductDependency;
			package = E06C6E312A13D2F300F3A9E6 /* XCRemoteSwiftPackageReference "firebase-ios-sdk" */;
			productName = "FirebaseInAppMessaging-Beta";
		};
		E06C6E562A13D2F300F3A9E6 /* FirebaseInAppMessagingSwift-Beta */ = {
			isa = XCSwiftPackageProductDependency;
			package = E06C6E312A13D2F300F3A9E6 /* XCRemoteSwiftPackageReference "firebase-ios-sdk" */;
			productName = "FirebaseInAppMessagingSwift-Beta";
		};
		E06C6E582A13D2F300F3A9E6 /* FirebaseInstallations */ = {
			isa = XCSwiftPackageProductDependency;
			package = E06C6E312A13D2F300F3A9E6 /* XCRemoteSwiftPackageReference "firebase-ios-sdk" */;
			productName = FirebaseInstallations;
		};
		E06C6E5A2A13D2F300F3A9E6 /* FirebaseMLModelDownloader */ = {
			isa = XCSwiftPackageProductDependency;
			package = E06C6E312A13D2F300F3A9E6 /* XCRemoteSwiftPackageReference "firebase-ios-sdk" */;
			productName = FirebaseMLModelDownloader;
		};
		E06C6E5C2A13D2F300F3A9E6 /* FirebaseMessaging */ = {
			isa = XCSwiftPackageProductDependency;
			package = E06C6E312A13D2F300F3A9E6 /* XCRemoteSwiftPackageReference "firebase-ios-sdk" */;
			productName = FirebaseMessaging;
		};
		E06C6E5E2A13D2F300F3A9E6 /* FirebasePerformance */ = {
			isa = XCSwiftPackageProductDependency;
			package = E06C6E312A13D2F300F3A9E6 /* XCRemoteSwiftPackageReference "firebase-ios-sdk" */;
			productName = FirebasePerformance;
		};
		E06C6E602A13D2F300F3A9E6 /* FirebaseRemoteConfig */ = {
			isa = XCSwiftPackageProductDependency;
			package = E06C6E312A13D2F300F3A9E6 /* XCRemoteSwiftPackageReference "firebase-ios-sdk" */;
			productName = FirebaseRemoteConfig;
		};
		E06C6E622A13D2F300F3A9E6 /* FirebaseRemoteConfigSwift */ = {
			isa = XCSwiftPackageProductDependency;
			package = E06C6E312A13D2F300F3A9E6 /* XCRemoteSwiftPackageReference "firebase-ios-sdk" */;
			productName = FirebaseRemoteConfigSwift;
		};
		E06C6E642A13D2F300F3A9E6 /* FirebaseStorage */ = {
			isa = XCSwiftPackageProductDependency;
			package = E06C6E312A13D2F300F3A9E6 /* XCRemoteSwiftPackageReference "firebase-ios-sdk" */;
			productName = FirebaseStorage;
		};
		E06C6E662A13D2F300F3A9E6 /* FirebaseStorageCombine-Community */ = {
			isa = XCSwiftPackageProductDependency;
			package = E06C6E312A13D2F300F3A9E6 /* XCRemoteSwiftPackageReference "firebase-ios-sdk" */;
			productName = "FirebaseStorageCombine-Community";
		};
/* End XCSwiftPackageProductDependency section */
	};
	rootObject = E012D1CF29E39F3100B38544 /* Project object */;
}
